
Microsoft Visual Studio Solution File, Format Version 12.00
# Visual Studio Version 17
VisualStudioVersion = 17.14.36414.22
MinimumVisualStudioVersion = 10.0.40219.1
Project("{FAE04EC0-301F-11D3-BF4B-00C04F79EFBC}") = "TaskApi", "TaskApi.csproj", "{9DEE70F6-B7D9-7D7A-2B01-705C3C381F80}"
EndProject
Project("{FAE04EC0-301F-11D3-BF4B-00C04F79EFBC}") = "TaskApi.Tests", "TaskApi.Tests\TaskApi.Tests.csproj", "{EA32122F-09D5-4DB2-B6F6-1FDE10B14440}"
EndProject
Global
	GlobalSection(SolutionConfigurationPlatforms) = preSolution
		Debug|Any CPU = Debug|Any CPU
		Debug|x64 = Debug|x64
		Debug|x86 = Debug|x86
		Release|Any CPU = Release|Any CPU
		Release|x64 = Release|x64
		Release|x86 = Release|x86
	EndGlobalSection
	GlobalSection(ProjectConfigurationPlatforms) = postSolution
		{9DEE70F6-B7D9-7D7A-2B01-705C3C381F80}.Debug|Any CPU.ActiveCfg = Debug|Any CPU
		{9DEE70F6-B7D9-7D7A-2B01-705C3C381F80}.Debug|Any CPU.Build.0 = Debug|Any CPU
		{9DEE70F6-B7D9-7D7A-2B01-705C3C381F80}.Debug|x64.ActiveCfg = Debug|Any CPU
		{9DEE70F6-B7D9-7D7A-2B01-705C3C381F80}.Debug|x64.Build.0 = Debug|Any CPU
		{9DEE70F6-B7D9-7D7A-2B01-705C3C381F80}.Debug|x86.ActiveCfg = Debug|Any CPU
		{9DEE70F6-B7D9-7D7A-2B01-705C3C381F80}.Debug|x86.Build.0 = Debug|Any CPU
		{9DEE70F6-B7D9-7D7A-2B01-705C3C381F80}.Release|Any CPU.ActiveCfg = Release|Any CPU
		{9DEE70F6-B7D9-7D7A-2B01-705C3C381F80}.Release|Any CPU.Build.0 = Release|Any CPU
		{9DEE70F6-B7D9-7D7A-2B01-705C3C381F80}.Release|x64.ActiveCfg = Release|Any CPU
		{9DEE70F6-B7D9-7D7A-2B01-705C3C381F80}.Release|x64.Build.0 = Release|Any CPU
		{9DEE70F6-B7D9-7D7A-2B01-705C3C381F80}.Release|x86.ActiveCfg = Release|Any CPU
		{9DEE70F6-B7D9-7D7A-2B01-705C3C381F80}.Release|x86.Build.0 = Release|Any CPU
		{EA32122F-09D5-4DB2-B6F6-1FDE10B14440}.Debug|Any CPU.ActiveCfg = Debug|Any CPU
		{EA32122F-09D5-4DB2-B6F6-1FDE10B14440}.Debug|Any CPU.Build.0 = Debug|Any CPU
		{EA32122F-09D5-4DB2-B6F6-1FDE10B14440}.Debug|x64.ActiveCfg = Debug|Any CPU
		{EA32122F-09D5-4DB2-B6F6-1FDE10B14440}.Debug|x64.Build.0 = Debug|Any CPU
		{EA32122F-09D5-4DB2-B6F6-1FDE10B14440}.Debug|x86.ActiveCfg = Debug|Any CPU
		{EA32122F-09D5-4DB2-B6F6-1FDE10B14440}.Debug|x86.Build.0 = Debug|Any CPU
		{EA32122F-09D5-4DB2-B6F6-1FDE10B14440}.Release|Any CPU.ActiveCfg = Release|Any CPU
		{EA32122F-09D5-4DB2-B6F6-1FDE10B14440}.Release|Any CPU.Build.0 = Release|Any CPU
		{EA32122F-09D5-4DB2-B6F6-1FDE10B14440}.Release|x64.ActiveCfg = Release|Any CPU
		{EA32122F-09D5-4DB2-B6F6-1FDE10B14440}.Release|x64.Build.0 = Release|Any CPU
		{EA32122F-09D5-4DB2-B6F6-1FDE10B14440}.Release|x86.ActiveCfg = Release|Any CPU
		{EA32122F-09D5-4DB2-B6F6-1FDE10B14440}.Release|x86.Build.0 = Release|Any CPU
	EndGlobalSection
	GlobalSection(SolutionProperties) = preSolution
		HideSolutionNode = FALSE
	EndGlobalSection
	GlobalSection(ExtensibilityGlobals) = postSolution
		SolutionGuid = {A7086C1A-2188-44B0-9C1F-14B8A89B2680}
	EndGlobalSection
EndGlobal
